// !$*UTF8*$!
{
	archiveVersion = 1;
	classes = {
	};
	objectVersion = 56;
	objects = {

/* Begin PBXBuildFile section */
		381746BC2A872A1B005E1612 /* BlindWatermarkDemoApp.swift in Sources */ = {isa = PBXBuildFile; fileRef = 381746BB2A872A1B005E1612 /* BlindWatermarkDemoApp.swift */; };
		381746BE2A872A1B005E1612 /* ContentView.swift in Sources */ = {isa = PBXBuildFile; fileRef = 381746BD2A872A1B005E1612 /* ContentView.swift */; };
		381746C02A872A1E005E1612 /* Assets.xcassets in Resources */ = {isa = PBXBuildFile; fileRef = 381746BF2A872A1E005E1612 /* Assets.xcassets */; };
		381746C42A872A1E005E1612 /* Preview Assets.xcassets in Resources */ = {isa = PBXBuildFile; fileRef = 381746C32A872A1E005E1612 /* Preview Assets.xcassets */; };
		3846595C2A87305900C84602 /* SeedRamd.swift in Sources */ = {isa = PBXBuildFile; fileRef = 3846595B2A87305900C84602 /* SeedRamd.swift */; };
		384659602A87496C00C84602 /* PlatformImage+SwiftUI.swift in Sources */ = {isa = PBXBuildFile; fileRef = 3846595F2A87496C00C84602 /* PlatformImage+SwiftUI.swift */; };
		384659622A874ADD00C84602 /* TextWatermarkCanvas.swift in Sources */ = {isa = PBXBuildFile; fileRef = 384659612A874ADD00C84602 /* TextWatermarkCanvas.swift */; };
		38B6EB8F2A8A38A500B4ABC7 /* String+Identifiable.swift in Sources */ = {isa = PBXBuildFile; fileRef = 38B6EB8E2A8A38A500B4ABC7 /* String+Identifiable.swift */; };
		38B6EB952A8A38B100B4ABC7 /* BitReader.swift in Sources */ = {isa = PBXBuildFile; fileRef = 38B6EB912A8A38B100B4ABC7 /* BitReader.swift */; };
		38B6EB962A8A38B100B4ABC7 /* BitLoader.swift in Sources */ = {isa = PBXBuildFile; fileRef = 38B6EB922A8A38B100B4ABC7 /* BitLoader.swift */; };
		38B6EB972A8A38B100B4ABC7 /* Data+Bit.swift in Sources */ = {isa = PBXBuildFile; fileRef = 38B6EB932A8A38B100B4ABC7 /* Data+Bit.swift */; };
		38B6EB982A8A38B100B4ABC7 /* Watermarker.swift in Sources */ = {isa = PBXBuildFile; fileRef = 38B6EB942A8A38B100B4ABC7 /* Watermarker.swift */; };
		38F1E5B62A872C5F00C70CEE /* ImageWatermarker.swift in Sources */ = {isa = PBXBuildFile; fileRef = 38F1E5B52A872C5F00C70CEE /* ImageWatermarker.swift */; };
		38F1E5B92A872C9C00C70CEE /* Empty+CGContext.swift in Sources */ = {isa = PBXBuildFile; fileRef = 38F1E5B82A872C9C00C70CEE /* Empty+CGContext.swift */; };
		38F1E5BB2A872CD900C70CEE /* Next2n+Int.swift in Sources */ = {isa = PBXBuildFile; fileRef = 38F1E5BA2A872CD900C70CEE /* Next2n+Int.swift */; };
		38F1E5BF2A872D0A00C70CEE /* ResizeImage+CGImage.swift in Sources */ = {isa = PBXBuildFile; fileRef = 38F1E5BE2A872D0A00C70CEE /* ResizeImage+CGImage.swift */; };
/* End PBXBuildFile section */

/* Begin PBXFileReference section */
		381746B82A872A1B005E1612 /* BlindWatermarkDemo.app */ = {isa = PBXFileReference; explicitFileType = wrapper.application; includeInIndex = 0; path = BlindWatermarkDemo.app; sourceTree = BUILT_PRODUCTS_DIR; };
		381746BB2A872A1B005E1612 /* BlindWatermarkDemoApp.swift */ = {isa = PBXFileReference; lastKnownFileType = sourcecode.swift; path = BlindWatermarkDemoApp.swift; sourceTree = "<group>"; };
		381746BD2A872A1B005E1612 /* ContentView.swift */ = {isa = PBXFileReference; lastKnownFileType = sourcecode.swift; path = ContentView.swift; sourceTree = "<group>"; };
		381746BF2A872A1E005E1612 /* Assets.xcassets */ = {isa = PBXFileReference; lastKnownFileType = folder.assetcatalog; path = Assets.xcassets; sourceTree = "<group>"; };
		381746C12A872A1E005E1612 /* BlindWatermarkDemo.entitlements */ = {isa = PBXFileReference; lastKnownFileType = text.plist.entitlements; path = BlindWatermarkDemo.entitlements; sourceTree = "<group>"; };
		381746C32A872A1E005E1612 /* Preview Assets.xcassets */ = {isa = PBXFileReference; lastKnownFileType = folder.assetcatalog; path = "Preview Assets.xcassets"; sourceTree = "<group>"; };
		3846595B2A87305900C84602 /* SeedRamd.swift */ = {isa = PBXFileReference; lastKnownFileType = sourcecode.swift; path = SeedRamd.swift; sourceTree = "<group>"; };
		3846595F2A87496C00C84602 /* PlatformImage+SwiftUI.swift */ = {isa = PBXFileReference; lastKnownFileType = sourcecode.swift; path = "PlatformImage+SwiftUI.swift"; sourceTree = "<group>"; };
		384659612A874ADD00C84602 /* TextWatermarkCanvas.swift */ = {isa = PBXFileReference; lastKnownFileType = sourcecode.swift; path = TextWatermarkCanvas.swift; sourceTree = "<group>"; };
		38B6EB8E2A8A38A500B4ABC7 /* String+Identifiable.swift */ = {isa = PBXFileReference; fileEncoding = 4; lastKnownFileType = sourcecode.swift; path = "String+Identifiable.swift"; sourceTree = "<group>"; };
		38B6EB912A8A38B100B4ABC7 /* BitReader.swift */ = {isa = PBXFileReference; fileEncoding = 4; lastKnownFileType = sourcecode.swift; path = BitReader.swift; sourceTree = "<group>"; };
		38B6EB922A8A38B100B4ABC7 /* BitLoader.swift */ = {isa = PBXFileReference; fileEncoding = 4; lastKnownFileType = sourcecode.swift; path = BitLoader.swift; sourceTree = "<group>"; };
		38B6EB932A8A38B100B4ABC7 /* Data+Bit.swift */ = {isa = PBXFileReference; fileEncoding = 4; lastKnownFileType = sourcecode.swift; path = "Data+Bit.swift"; sourceTree = "<group>"; };
		38B6EB942A8A38B100B4ABC7 /* Watermarker.swift */ = {isa = PBXFileReference; fileEncoding = 4; lastKnownFileType = sourcecode.swift; path = Watermarker.swift; sourceTree = "<group>"; };
		38F1E5B52A872C5F00C70CEE /* ImageWatermarker.swift */ = {isa = PBXFileReference; fileEncoding = 4; lastKnownFileType = sourcecode.swift; path = ImageWatermarker.swift; sourceTree = "<group>"; };
		38F1E5B82A872C9C00C70CEE /* Empty+CGContext.swift */ = {isa = PBXFileReference; lastKnownFileType = sourcecode.swift; path = "Empty+CGContext.swift"; sourceTree = "<group>"; };
		38F1E5BA2A872CD900C70CEE /* Next2n+Int.swift */ = {isa = PBXFileReference; lastKnownFileType = sourcecode.swift; path = "Next2n+Int.swift"; sourceTree = "<group>"; };
		38F1E5BE2A872D0A00C70CEE /* ResizeImage+CGImage.swift */ = {isa = PBXFileReference; lastKnownFileType = sourcecode.swift; path = "ResizeImage+CGImage.swift"; sourceTree = "<group>"; };
/* End PBXFileReference section */

/* Begin PBXFrameworksBuildPhase section */
		381746B52A872A1B005E1612 /* Frameworks */ = {
			isa = PBXFrameworksBuildPhase;
			buildActionMask = 2147483647;
			files = (
			);
			runOnlyForDeploymentPostprocessing = 0;
		};
/* End PBXFrameworksBuildPhase section */

/* Begin PBXGroup section */
		381746AF2A872A1B005E1612 = {
			isa = PBXGroup;
			children = (
				381746BA2A872A1B005E1612 /* BlindWatermarkDemo */,
				381746B92A872A1B005E1612 /* Products */,
			);
			sourceTree = "<group>";
		};
		381746B92A872A1B005E1612 /* Products */ = {
			isa = PBXGroup;
			children = (
				381746B82A872A1B005E1612 /* BlindWatermarkDemo.app */,
			);
			name = Products;
			sourceTree = "<group>";
		};
		381746BA2A872A1B005E1612 /* BlindWatermarkDemo */ = {
			isa = PBXGroup;
			children = (
				381746BB2A872A1B005E1612 /* BlindWatermarkDemoApp.swift */,
				381746BD2A872A1B005E1612 /* ContentView.swift */,
				384659612A874ADD00C84602 /* TextWatermarkCanvas.swift */,
				38F1E5B52A872C5F00C70CEE /* ImageWatermarker.swift */,
				3846595B2A87305900C84602 /* SeedRamd.swift */,
				38B6EB8D2A8A388B00B4ABC7 /* Watermarker */,
				38F1E5B72A872C6200C70CEE /* Extensions */,
				381746BF2A872A1E005E1612 /* Assets.xcassets */,
				381746C12A872A1E005E1612 /* BlindWatermarkDemo.entitlements */,
				381746C22A872A1E005E1612 /* Preview Content */,
			);
			path = BlindWatermarkDemo;
			sourceTree = "<group>";
		};
		381746C22A872A1E005E1612 /* Preview Content */ = {
			isa = PBXGroup;
			children = (
				381746C32A872A1E005E1612 /* Preview Assets.xcassets */,
			);
			path = "Preview Content";
			sourceTree = "<group>";
		};
		38B6EB8D2A8A388B00B4ABC7 /* Watermarker */ = {
			isa = PBXGroup;
			children = (
				38B6EB902A8A38B100B4ABC7 /* Bit */,
				38B6EB942A8A38B100B4ABC7 /* Watermarker.swift */,
			);
			path = Watermarker;
			sourceTree = "<group>";
		};
		38B6EB902A8A38B100B4ABC7 /* Bit */ = {
			isa = PBXGroup;
			children = (
				38B6EB912A8A38B100B4ABC7 /* BitReader.swift */,
				38B6EB922A8A38B100B4ABC7 /* BitLoader.swift */,
				38B6EB932A8A38B100B4ABC7 /* Data+Bit.swift */,
			);
			path = Bit;
			sourceTree = "<group>";
		};
		38F1E5B72A872C6200C70CEE /* Extensions */ = {
			isa = PBXGroup;
			children = (
				38B6EB8E2A8A38A500B4ABC7 /* String+Identifiable.swift */,
				38F1E5B82A872C9C00C70CEE /* Empty+CGContext.swift */,
				38F1E5BA2A872CD900C70CEE /* Next2n+Int.swift */,
				38F1E5BE2A872D0A00C70CEE /* ResizeImage+CGImage.swift */,
				3846595F2A87496C00C84602 /* PlatformImage+SwiftUI.swift */,
			);
			path = Extensions;
			sourceTree = "<group>";
		};
/* End PBXGroup section */

/* Begin PBXNativeTarget section */
		381746B72A872A1B005E1612 /* BlindWatermarkDemo */ = {
			isa = PBXNativeTarget;
			buildConfigurationList = 381746C72A872A1E005E1612 /* Build configuration list for PBXNativeTarget "BlindWatermarkDemo" */;
			buildPhases = (
				381746B42A872A1B005E1612 /* Sources */,
				381746B52A872A1B005E1612 /* Frameworks */,
				381746B62A872A1B005E1612 /* Resources */,
			);
			buildRules = (
			);
			dependencies = (
			);
			name = BlindWatermarkDemo;
			productName = BlindWatermarkDemo;
			productReference = 381746B82A872A1B005E1612 /* BlindWatermarkDemo.app */;
			productType = "com.apple.product-type.application";
		};
/* End PBXNativeTarget section */

/* Begin PBXProject section */
		381746B02A872A1B005E1612 /* Project object */ = {
			isa = PBXProject;
			attributes = {
				BuildIndependentTargetsInParallel = 1;
				LastSwiftUpdateCheck = 1500;
				LastUpgradeCheck = 1500;
				TargetAttributes = {
					381746B72A872A1B005E1612 = {
						CreatedOnToolsVersion = 15.0;
					};
				};
			};
			buildConfigurationList = 381746B32A872A1B005E1612 /* Build configuration list for PBXProject "BlindWatermarkDemo" */;
			compatibilityVersion = "Xcode 14.0";
			developmentRegion = en;
			hasScannedForEncodings = 0;
			knownRegions = (
				en,
				Base,
			);
			mainGroup = 381746AF2A872A1B005E1612;
			productRefGroup = 381746B92A872A1B005E1612 /* Products */;
			projectDirPath = "";
			projectRoot = "";
			targets = (
				381746B72A872A1B005E1612 /* BlindWatermarkDemo */,
			);
		};
/* End PBXProject section */

/* Begin PBXResourcesBuildPhase section */
		381746B62A872A1B005E1612 /* Resources */ = {
			isa = PBXResourcesBuildPhase;
			buildActionMask = 2147483647;
			files = (
				381746C42A872A1E005E1612 /* Preview Assets.xcassets in Resources */,
				381746C02A872A1E005E1612 /* Assets.xcassets in Resources */,
			);
			runOnlyForDeploymentPostprocessing = 0;
		};
/* End PBXResourcesBuildPhase section */

/* Begin PBXSourcesBuildPhase section */
		381746B42A872A1B005E1612 /* Sources */ = {
			isa = PBXSourcesBuildPhase;
			buildActionMask = 2147483647;
			files = (
				381746BE2A872A1B005E1612 /* ContentView.swift in Sources */,
				384659622A874ADD00C84602 /* TextWatermarkCanvas.swift in Sources */,
				38B6EB8F2A8A38A500B4ABC7 /* String+Identifiable.swift in Sources */,
				38F1E5B92A872C9C00C70CEE /* Empty+CGContext.swift in Sources */,
				38B6EB962A8A38B100B4ABC7 /* BitLoader.swift in Sources */,
				38F1E5B62A872C5F00C70CEE /* ImageWatermarker.swift in Sources */,
				38B6EB972A8A38B100B4ABC7 /* Data+Bit.swift in Sources */,
				38F1E5BF2A872D0A00C70CEE /* ResizeImage+CGImage.swift in Sources */,
				38B6EB952A8A38B100B4ABC7 /* BitReader.swift in Sources */,
				38B6EB982A8A38B100B4ABC7 /* Watermarker.swift in Sources */,
				384659602A87496C00C84602 /* PlatformImage+SwiftUI.swift in Sources */,
				3846595C2A87305900C84602 /* SeedRamd.swift in Sources */,
				381746BC2A872A1B005E1612 /* BlindWatermarkDemoApp.swift in Sources */,
				38F1E5BB2A872CD900C70CEE /* Next2n+Int.swift in Sources */,
			);
			runOnlyForDeploymentPostprocessing = 0;
		};
/* End PBXSourcesBuildPhase section */

/* Begin XCBuildConfiguration section */
		381746C52A872A1E005E1612 /* Debug */ = {
			isa = XCBuildConfiguration;
			buildSettings = {
				ALWAYS_SEARCH_USER_PATHS = NO;
				ASSETCATALOG_COMPILER_GENERATE_SWIFT_ASSET_SYMBOL_EXTENSIONS = YES;
				CLANG_ANALYZER_NONNULL = YES;
				CLANG_ANALYZER_NUMBER_OBJECT_CONVERSION = YES_AGGRESSIVE;
				CLANG_CXX_LANGUAGE_STANDARD = "gnu++20";
				CLANG_ENABLE_MODULES = YES;
				CLANG_ENABLE_OBJC_ARC = YES;
				CLANG_ENABLE_OBJC_WEAK = YES;
				CLANG_WARN_BLOCK_CAPTURE_AUTORELEASING = YES;
				CLANG_WARN_BOOL_CONVERSION = YES;
				CLANG_WARN_COMMA = YES;
				CLANG_WARN_CONSTANT_CONVERSION = YES;
				CLANG_WARN_DEPRECATED_OBJC_IMPLEMENTATIONS = YES;
				CLANG_WARN_DIRECT_OBJC_ISA_USAGE = YES_ERROR;
				CLANG_WARN_DOCUMENTATION_COMMENTS = YES;
				CLANG_WARN_EMPTY_BODY = YES;
				CLANG_WARN_ENUM_CONVERSION = YES;
				CLANG_WARN_INFINITE_RECURSION = YES;
				CLANG_WARN_INT_CONVERSION = YES;
				CLANG_WARN_NON_LITERAL_NULL_CONVERSION = YES;
				CLANG_WARN_OBJC_IMPLICIT_RETAIN_SELF = YES;
				CLANG_WARN_OBJC_LITERAL_CONVERSION = YES;
				CLANG_WARN_OBJC_ROOT_CLASS = YES_ERROR;
				CLANG_WARN_QUOTED_INCLUDE_IN_FRAMEWORK_HEADER = YES;
				CLANG_WARN_RANGE_LOOP_ANALYSIS = YES;
				CLANG_WARN_STRICT_PROTOTYPES = YES;
				CLANG_WARN_SUSPICIOUS_MOVE = YES;
				CLANG_WARN_UNGUARDED_AVAILABILITY = YES_AGGRESSIVE;
				CLANG_WARN_UNREACHABLE_CODE = YES;
				CLANG_WARN__DUPLICATE_METHOD_MATCH = YES;
				COPY_PHASE_STRIP = NO;
				DEBUG_INFORMATION_FORMAT = dwarf;
				ENABLE_STRICT_OBJC_MSGSEND = YES;
				ENABLE_TESTABILITY = YES;
				ENABLE_USER_SCRIPT_SANDBOXING = YES;
				GCC_C_LANGUAGE_STANDARD = gnu17;
				GCC_DYNAMIC_NO_PIC = NO;
				GCC_NO_COMMON_BLOCKS = YES;
				GCC_OPTIMIZATION_LEVEL = 0;
				GCC_PREPROCESSOR_DEFINITIONS = (
					"DEBUG=1",
					"$(inherited)",
				);
				GCC_WARN_64_TO_32_BIT_CONVERSION = YES;
				GCC_WARN_ABOUT_RETURN_TYPE = YES_ERROR;
				GCC_WARN_UNDECLARED_SELECTOR = YES;
				GCC_WARN_UNINITIALIZED_AUTOS = YES_AGGRESSIVE;
				GCC_WARN_UNUSED_FUNCTION = YES;
				GCC_WARN_UNUSED_VARIABLE = YES;
				LOCALIZATION_PREFERS_STRING_CATALOGS = YES;
				MTL_ENABLE_DEBUG_INFO = INCLUDE_SOURCE;
				MTL_FAST_MATH = YES;
				ONLY_ACTIVE_ARCH = YES;
				SWIFT_ACTIVE_COMPILATION_CONDITIONS = "DEBUG $(inherited)";
				SWIFT_OPTIMIZATION_LEVEL = "-Onone";
			};
			name = Debug;
		};
		381746C62A872A1E005E1612 /* Release */ = {
			isa = XCBuildConfiguration;
			buildSettings = {
				ALWAYS_SEARCH_USER_PATHS = NO;
				ASSETCATALOG_COMPILER_GENERATE_SWIFT_ASSET_SYMBOL_EXTENSIONS = YES;
				CLANG_ANALYZER_NONNULL = YES;
				CLANG_ANALYZER_NUMBER_OBJECT_CONVERSION = YES_AGGRESSIVE;
				CLANG_CXX_LANGUAGE_STANDARD = "gnu++20";
				CLANG_ENABLE_MODULES = YES;
				CLANG_ENABLE_OBJC_ARC = YES;
				CLANG_ENABLE_OBJC_WEAK = YES;
				CLANG_WARN_BLOCK_CAPTURE_AUTORELEASING = YES;
				CLANG_WARN_BOOL_CONVERSION = YES;
				CLANG_WARN_COMMA = YES;
				CLANG_WARN_CONSTANT_CONVERSION = YES;
				CLANG_WARN_DEPRECATED_OBJC_IMPLEMENTATIONS = YES;
				CLANG_WARN_DIRECT_OBJC_ISA_USAGE = YES_ERROR;
				CLANG_WARN_DOCUMENTATION_COMMENTS = YES;
				CLANG_WARN_EMPTY_BODY = YES;
				CLANG_WARN_ENUM_CONVERSION = YES;
				CLANG_WARN_INFINITE_RECURSION = YES;
				CLANG_WARN_INT_CONVERSION = YES;
				CLANG_WARN_NON_LITERAL_NULL_CONVERSION = YES;
				CLANG_WARN_OBJC_IMPLICIT_RETAIN_SELF = YES;
				CLANG_WARN_OBJC_LITERAL_CONVERSION = YES;
				CLANG_WARN_OBJC_ROOT_CLASS = YES_ERROR;
				CLANG_WARN_QUOTED_INCLUDE_IN_FRAMEWORK_HEADER = YES;
				CLANG_WARN_RANGE_LOOP_ANALYSIS = YES;
				CLANG_WARN_STRICT_PROTOTYPES = YES;
				CLANG_WARN_SUSPICIOUS_MOVE = YES;
				CLANG_WARN_UNGUARDED_AVAILABILITY = YES_AGGRESSIVE;
				CLANG_WARN_UNREACHABLE_CODE = YES;
				CLANG_WARN__DUPLICATE_METHOD_MATCH = YES;
				COPY_PHASE_STRIP = NO;
				DEBUG_INFORMATION_FORMAT = "dwarf-with-dsym";
				ENABLE_NS_ASSERTIONS = NO;
				ENABLE_STRICT_OBJC_MSGSEND = YES;
				ENABLE_USER_SCRIPT_SANDBOXING = YES;
				GCC_C_LANGUAGE_STANDARD = gnu17;
				GCC_NO_COMMON_BLOCKS = YES;
				GCC_WARN_64_TO_32_BIT_CONVERSION = YES;
				GCC_WARN_ABOUT_RETURN_TYPE = YES_ERROR;
				GCC_WARN_UNDECLARED_SELECTOR = YES;
				GCC_WARN_UNINITIALIZED_AUTOS = YES_AGGRESSIVE;
				GCC_WARN_UNUSED_FUNCTION = YES;
				GCC_WARN_UNUSED_VARIABLE = YES;
				LOCALIZATION_PREFERS_STRING_CATALOGS = YES;
				MTL_ENABLE_DEBUG_INFO = NO;
				MTL_FAST_MATH = YES;
				SWIFT_COMPILATION_MODE = wholemodule;
			};
			name = Release;
		};
		381746C82A872A1E005E1612 /* Debug */ = {
			isa = XCBuildConfiguration;
			buildSettings = {
				ASSETCATALOG_COMPILER_APPICON_NAME = AppIcon;
				ASSETCATALOG_COMPILER_GLOBAL_ACCENT_COLOR_NAME = AccentColor;
				CODE_SIGN_ENTITLEMENTS = BlindWatermarkDemo/BlindWatermarkDemo.entitlements;
				CODE_SIGN_STYLE = Automatic;
				CURRENT_PROJECT_VERSION = 1;
				DEVELOPMENT_ASSET_PATHS = "\"BlindWatermarkDemo/Preview Content\"";
				DEVELOPMENT_TEAM = CJ9X49H2WL;
				ENABLE_HARDENED_RUNTIME = NO;
				ENABLE_PREVIEWS = YES;
				GENERATE_INFOPLIST_FILE = YES;
				"INFOPLIST_KEY_UIApplicationSceneManifest_Generation[sdk=iphoneos*]" = YES;
				"INFOPLIST_KEY_UIApplicationSceneManifest_Generation[sdk=iphonesimulator*]" = YES;
				"INFOPLIST_KEY_UIApplicationSupportsIndirectInputEvents[sdk=iphoneos*]" = YES;
				"INFOPLIST_KEY_UIApplicationSupportsIndirectInputEvents[sdk=iphonesimulator*]" = YES;
				"INFOPLIST_KEY_UILaunchScreen_Generation[sdk=iphoneos*]" = YES;
				"INFOPLIST_KEY_UILaunchScreen_Generation[sdk=iphonesimulator*]" = YES;
				"INFOPLIST_KEY_UIStatusBarStyle[sdk=iphoneos*]" = UIStatusBarStyleDefault;
				"INFOPLIST_KEY_UIStatusBarStyle[sdk=iphonesimulator*]" = UIStatusBarStyleDefault;
				INFOPLIST_KEY_UISupportedInterfaceOrientations_iPad = "UIInterfaceOrientationPortrait UIInterfaceOrientationPortraitUpsideDown UIInterfaceOrientationLandscapeLeft UIInterfaceOrientationLandscapeRight";
				INFOPLIST_KEY_UISupportedInterfaceOrientations_iPhone = "UIInterfaceOrientationPortrait UIInterfaceOrientationLandscapeLeft UIInterfaceOrientationLandscapeRight";
				IPHONEOS_DEPLOYMENT_TARGET = 17.0;
				LD_RUNPATH_SEARCH_PATHS = "@executable_path/Frameworks";
				"LD_RUNPATH_SEARCH_PATHS[sdk=macosx*]" = "@executable_path/../Frameworks";
				MACOSX_DEPLOYMENT_TARGET = 14.0;
				MARKETING_VERSION = 1.0;
				PRODUCT_BUNDLE_IDENTIFIER = com.liyanan2004.BlindWatermarkDemo;
				PRODUCT_NAME = "$(TARGET_NAME)";
				SDKROOT = auto;
				SUPPORTED_PLATFORMS = "iphoneos iphonesimulator macosx";
				SWIFT_EMIT_LOC_STRINGS = YES;
				SWIFT_VERSION = 5.0;
				TARGETED_DEVICE_FAMILY = "1,2";
			};
			name = Debug;
		};
		381746C92A872A1E005E1612 /* Release */ = {
			isa = XCBuildConfiguration;
			buildSettings = {
				ASSETCATALOG_COMPILER_APPICON_NAME = AppIcon;
				ASSETCATALOG_COMPILER_GLOBAL_ACCENT_COLOR_NAME = AccentColor;
				CODE_SIGN_ENTITLEMENTS = BlindWatermarkDemo/BlindWatermarkDemo.entitlements;
				CODE_SIGN_STYLE = Automatic;
				CURRENT_PROJECT_VERSION = 1;
				DEVELOPMENT_ASSET_PATHS = "\"BlindWatermarkDemo/Preview Content\"";
				DEVELOPMENT_TEAM = CJ9X49H2WL;
				ENABLE_HARDENED_RUNTIME = NO;
				ENABLE_PREVIEWS = YES;
				GENERATE_INFOPLIST_FILE = YES;
				"INFOPLIST_KEY_UIApplicationSceneManifest_Generation[sdk=iphoneos*]" = YES;
				"INFOPLIST_KEY_UIApplicationSceneManifest_Generation[sdk=iphonesimulator*]" = YES;
				"INFOPLIST_KEY_UIApplicationSupportsIndirectInputEvents[sdk=iphoneos*]" = YES;
				"INFOPLIST_KEY_UIApplicationSupportsIndirectInputEvents[sdk=iphonesimulator*]" = YES;
				"INFOPLIST_KEY_UILaunchScreen_Generation[sdk=iphoneos*]" = YES;
				"INFOPLIST_KEY_UILaunchScreen_Generation[sdk=iphonesimulator*]" = YES;
				"INFOPLIST_KEY_UIStatusBarStyle[sdk=iphoneos*]" = UIStatusBarStyleDefault;
				"INFOPLIST_KEY_UIStatusBarStyle[sdk=iphonesimulator*]" = UIStatusBarStyleDefault;
				INFOPLIST_KEY_UISupportedInterfaceOrientations_iPad = "UIInterfaceOrientationPortrait UIInterfaceOrientationPortraitUpsideDown UIInterfaceOrientationLandscapeLeft UIInterfaceOrientationLandscapeRight";
				INFOPLIST_KEY_UISupportedInterfaceOrientations_iPhone = "UIInterfaceOrientationPortrait UIInterfaceOrientationLandscapeLeft UIInterfaceOrientationLandscapeRight";
				IPHONEOS_DEPLOYMENT_TARGET = 17.0;
				LD_RUNPATH_SEARCH_PATHS = "@executable_path/Frameworks";
				"LD_RUNPATH_SEARCH_PATHS[sdk=macosx*]" = "@executable_path/../Frameworks";
				MACOSX_DEPLOYMENT_TARGET = 14.0;
				MARKETING_VERSION = 1.0;
				PRODUCT_BUNDLE_IDENTIFIER = com.liyanan2004.BlindWatermarkDemo;
				PRODUCT_NAME = "$(TARGET_NAME)";
				SDKROOT = auto;
				SUPPORTED_PLATFORMS = "iphoneos iphonesimulator macosx";
				SWIFT_EMIT_LOC_STRINGS = YES;
				SWIFT_VERSION = 5.0;
				TARGETED_DEVICE_FAMILY = "1,2";
			};
			name = Release;
		};
/* End XCBuildConfiguration section */

/* Begin XCConfigurationList section */
		381746B32A872A1B005E1612 /* Build configuration list for PBXProject "BlindWatermarkDemo" */ = {
			isa = XCConfigurationList;
			buildConfigurations = (
				381746C52A872A1E005E1612 /* Debug */,
				381746C62A872A1E005E1612 /* Release */,
			);
			defaultConfigurationIsVisible = 0;
			defaultConfigurationName = Release;
		};
		381746C72A872A1E005E1612 /* Build configuration list for PBXNativeTarget "BlindWatermarkDemo" */ = {
			isa = XCConfigurationList;
			buildConfigurations = (
				381746C82A872A1E005E1612 /* Debug */,
				381746C92A872A1E005E1612 /* Release */,
			);
			defaultConfigurationIsVisible = 0;
			defaultConfigurationName = Release;
		};
/* End XCConfigurationList section */
	};
	rootObject = 381746B02A872A1B005E1612 /* Project object */;
}
